{
  "name": "personal-website",
  "version": "0.0.0",
  "lockfileVersion": 1,
  "requires": true,
  "dependencies": {
    "@lit/reactive-element": {
      "version": "1.0.1",
      "resolved": "https://livehire.pkgs.visualstudio.com/_packaging/dev/npm/registry/@lit/reactive-element/-/reactive-element-1.0.1.tgz",
      "integrity": "sha1-hTys1NeNeQWfM/ZvjnsOXDS+4pQ="
    },
    "@types/trusted-types": {
      "version": "2.0.2",
      "resolved": "https://livehire.pkgs.visualstudio.com/_packaging/dev/npm/registry/@types/trusted-types/-/trusted-types-2.0.2.tgz",
      "integrity": "sha1-/CWtmUO8rBHM64Fo208nXg5y51Y="
    },
    "esbuild": {
      "version": "0.13.12",
      "resolved": "https://livehire.pkgs.visualstudio.com/_packaging/dev/npm/registry/esbuild/-/esbuild-0.13.12.tgz",
      "integrity": "sha1-nKxkFZS/A880FFJYwJPXQ+u958o=",
      "dev": true,
      "requires": {
        "esbuild-android-arm64": "0.13.12",
        "esbuild-darwin-64": "0.13.12",
        "esbuild-darwin-arm64": "0.13.12",
        "esbuild-freebsd-64": "0.13.12",
        "esbuild-freebsd-arm64": "0.13.12",
        "esbuild-linux-32": "0.13.12",
        "esbuild-linux-64": "0.13.12",
        "esbuild-linux-arm": "0.13.12",
        "esbuild-linux-arm64": "0.13.12",
        "esbuild-linux-mips64le": "0.13.12",
        "esbuild-linux-ppc64le": "0.13.12",
        "esbuild-netbsd-64": "0.13.12",
        "esbuild-openbsd-64": "0.13.12",
        "esbuild-sunos-64": "0.13.12",
        "esbuild-windows-32": "0.13.12",
        "esbuild-windows-64": "0.13.12",
        "esbuild-windows-arm64": "0.13.12"
      }
    },
    "esbuild-android-arm64": {
      "version": "0.13.12",
      "resolved": "https://livehire.pkgs.visualstudio.com/_packaging/dev/npm/registry/esbuild-android-arm64/-/esbuild-android-arm64-0.13.12.tgz",
      "integrity": "sha1-4fGZ3AVAXNxmcMAPtseTgiv4rkw=",
      "dev": true,
      "optional": true
    },
    "esbuild-darwin-64": {
      "version": "0.13.12",
      "resolved": "https://livehire.pkgs.visualstudio.com/_packaging/dev/npm/registry/esbuild-darwin-64/-/esbuild-darwin-64-0.13.12.tgz",
      "integrity": "sha1-9cWeYilVwB8FDlp6ycHUHbcUuU0=",
      "dev": true,
      "optional": true
    },
    "esbuild-darwin-arm64": {
      "version": "0.13.12",
      "resolved": "https://livehire.pkgs.visualstudio.com/_packaging/dev/npm/registry/esbuild-darwin-arm64/-/esbuild-darwin-arm64-0.13.12.tgz",
      "integrity": "sha1-irrnTClWqKpWj8UseIKTOMSkuYg=",
      "dev": true,
      "optional": true
    },
    "esbuild-freebsd-64": {
      "version": "0.13.12",
      "resolved": "https://livehire.pkgs.visualstudio.com/_packaging/dev/npm/registry/esbuild-freebsd-64/-/esbuild-freebsd-64-0.13.12.tgz",
      "integrity": "sha1-atKrjANk7n3S1uMk2Hao5grnXRI=",
      "dev": true,
      "optional": true
    },
    "esbuild-freebsd-arm64": {
      "version": "0.13.12",
      "resolved": "https://livehire.pkgs.visualstudio.com/_packaging/dev/npm/registry/esbuild-freebsd-arm64/-/esbuild-freebsd-arm64-0.13.12.tgz",
      "integrity": "sha1-bzgVX0wwCsTIrd4f3jzGpEQKgpQ=",
      "dev": true,
      "optional": true
    },
    "esbuild-linux-32": {
      "version": "0.13.12",
      "resolved": "https://livehire.pkgs.visualstudio.com/_packaging/dev/npm/registry/esbuild-linux-32/-/esbuild-linux-32-0.13.12.tgz",
      "integrity": "sha1-sdFeMwGIqMId51w/AFhiij7vrec=",
      "dev": true,
      "optional": true
    },
    "esbuild-linux-64": {
      "version": "0.13.12",
      "resolved": "https://livehire.pkgs.visualstudio.com/_packaging/dev/npm/registry/esbuild-linux-64/-/esbuild-linux-64-0.13.12.tgz",
      "integrity": "sha1-Jb1ktmFisCNI4y2PEuTJ7mHx0HA=",
      "dev": true,
      "optional": true
    },
    "esbuild-linux-arm": {
      "version": "0.13.12",
      "resolved": "https://livehire.pkgs.visualstudio.com/_packaging/dev/npm/registry/esbuild-linux-arm/-/esbuild-linux-arm-0.13.12.tgz",
      "integrity": "sha1-a8gclXv/InJWiMxjWcKaJXZb4Js=",
      "dev": true,
      "optional": true
    },
    "esbuild-linux-arm64": {
      "version": "0.13.12",
      "resolved": "https://livehire.pkgs.visualstudio.com/_packaging/dev/npm/registry/esbuild-linux-arm64/-/esbuild-linux-arm64-0.13.12.tgz",
      "integrity": "sha1-ulgimEV8xcmsgjonXeEXYgwGU38=",
      "dev": true,
      "optional": true
    },
    "esbuild-linux-mips64le": {
      "version": "0.13.12",
      "resolved": "https://livehire.pkgs.visualstudio.com/_packaging/dev/npm/registry/esbuild-linux-mips64le/-/esbuild-linux-mips64le-0.13.12.tgz",
      "integrity": "sha1-7zxKuj5YXYR8ut5ZRai0pcYsfOI=",
      "dev": true,
      "optional": true
    },
    "esbuild-linux-ppc64le": {
      "version": "0.13.12",
      "resolved": "https://livehire.pkgs.visualstudio.com/_packaging/dev/npm/registry/esbuild-linux-ppc64le/-/esbuild-linux-ppc64le-0.13.12.tgz",
      "integrity": "sha1-oh+2ToDDi+8GEi5IKDmQ/G21eOE=",
      "dev": true,
      "optional": true
    },
    "esbuild-netbsd-64": {
      "version": "0.13.12",
      "resolved": "https://livehire.pkgs.visualstudio.com/_packaging/dev/npm/registry/esbuild-netbsd-64/-/esbuild-netbsd-64-0.13.12.tgz",
      "integrity": "sha1-Hqf8jPzoiiCkBHuGfvGEBJpmQa4=",
      "dev": true,
      "optional": true
    },
    "esbuild-openbsd-64": {
      "version": "0.13.12",
      "resolved": "https://livehire.pkgs.visualstudio.com/_packaging/dev/npm/registry/esbuild-openbsd-64/-/esbuild-openbsd-64-0.13.12.tgz",
      "integrity": "sha1-rd4y8vGwXcS9T8VE1upaQ3n5yk0=",
      "dev": true,
      "optional": true
    },
    "esbuild-sunos-64": {
      "version": "0.13.12",
      "resolved": "https://livehire.pkgs.visualstudio.com/_packaging/dev/npm/registry/esbuild-sunos-64/-/esbuild-sunos-64-0.13.12.tgz",
      "integrity": "sha1-p+yvUrc2T77nbciqcH+j4c/zNCw=",
      "dev": true,
      "optional": true
    },
    "esbuild-windows-32": {
      "version": "0.13.12",
      "resolved": "https://livehire.pkgs.visualstudio.com/_packaging/dev/npm/registry/esbuild-windows-32/-/esbuild-windows-32-0.13.12.tgz",
      "integrity": "sha1-qHVgM9yQXEt76hm+affuaICfh3A=",
      "dev": true,
      "optional": true
    },
    "esbuild-windows-64": {
      "version": "0.13.12",
      "resolved": "https://livehire.pkgs.visualstudio.com/_packaging/dev/npm/registry/esbuild-windows-64/-/esbuild-windows-64-0.13.12.tgz",
      "integrity": "sha1-rmlKpmygeKy4UJstoxGX7R9A95g=",
      "dev": true,
      "optional": true
    },
    "esbuild-windows-arm64": {
      "version": "0.13.12",
      "resolved": "https://livehire.pkgs.visualstudio.com/_packaging/dev/npm/registry/esbuild-windows-arm64/-/esbuild-windows-arm64-0.13.12.tgz",
      "integrity": "sha1-eCxai9bXF+pVqq/mSPmSbKNqSog=",
      "dev": true,
      "optional": true
    },
    "fsevents": {
      "version": "2.3.2",
      "resolved": "https://livehire.pkgs.visualstudio.com/_packaging/dev/npm/registry/fsevents/-/fsevents-2.3.2.tgz",
      "integrity": "sha1-ilJveLj99GI7cJ4Ll1xSwkwC/Ro=",
      "dev": true,
      "optional": true
    },
    "function-bind": {
      "version": "1.1.1",
      "resolved": "https://livehire.pkgs.visualstudio.com/_packaging/dev/npm/registry/function-bind/-/function-bind-1.1.1.tgz",
      "integrity": "sha1-pWiZ0+o8m6uHS7l3O3xe3pL0iV0=",
      "dev": true
    },
    "has": {
      "version": "1.0.3",
      "resolved": "https://livehire.pkgs.visualstudio.com/_packaging/dev/npm/registry/has/-/has-1.0.3.tgz",
      "integrity": "sha1-ci18v8H2qoJB8W3YFOAR4fQeh5Y=",
      "dev": true,
      "requires": {
        "function-bind": "^1.1.1"
      }
    },
    "is-core-module": {
      "version": "2.8.0",
      "resolved": "https://livehire.pkgs.visualstudio.com/_packaging/dev/npm/registry/is-core-module/-/is-core-module-2.8.0.tgz",
      "integrity": "sha1-AyEzbD0JJeSX/Zf12VyxFKXM1Ug=",
      "dev": true,
      "requires": {
        "has": "^1.0.3"
      }
    },
    "lit": {
      "version": "2.0.2",
      "resolved": "https://livehire.pkgs.visualstudio.com/_packaging/dev/npm/registry/lit/-/lit-2.0.2.tgz",
      "integrity": "sha1-Xm9CKSTgcyJYYp+zeVVrbSP3F5w=",
      "requires": {
        "@lit/reactive-element": "^1.0.0",
        "lit-element": "^3.0.0",
        "lit-html": "^2.0.0"
      }
    },
    "lit-element": {
      "version": "3.0.1",
      "resolved": "https://livehire.pkgs.visualstudio.com/_packaging/dev/npm/registry/lit-element/-/lit-element-3.0.1.tgz",
      "integrity": "sha1-PFRa8X2KRiaLwd1WI6R0hub/dvQ=",
      "requires": {
        "@lit/reactive-element": "^1.0.0",
        "lit-html": "^2.0.0"
      }
    },
    "lit-html": {
      "version": "2.0.1",
      "resolved": "https://livehire.pkgs.visualstudio.com/_packaging/dev/npm/registry/lit-html/-/lit-html-2.0.1.tgz",
      "integrity": "sha1-YyQQFe+ge8klm2+W8Eq9BS0qH5U=",
      "requires": {
        "@types/trusted-types": "^2.0.2"
      }
    },
    "nanoid": {
      "version": "3.1.30",
      "resolved": "https://livehire.pkgs.visualstudio.com/_packaging/dev/npm/registry/nanoid/-/nanoid-3.1.30.tgz",
      "integrity": "sha1-Y/k8xUjSoRPcXfvGO/oJ4rm2Q2I=",
      "dev": true
    },
    "path-parse": {
      "version": "1.0.7",
      "resolved": "https://livehire.pkgs.visualstudio.com/_packaging/dev/npm/registry/path-parse/-/path-parse-1.0.7.tgz",
      "integrity": "sha1-+8EUtgykKzDZ2vWFjkvWi77bZzU=",
      "dev": true
    },
    "picocolors": {
      "version": "1.0.0",
      "resolved": "https://livehire.pkgs.visualstudio.com/_packaging/dev/npm/registry/picocolors/-/picocolors-1.0.0.tgz",
      "integrity": "sha1-y1vcdP8/UYkiNur3nWi8RFZKuBw=",
      "dev": true
    },
    "postcss": {
      "version": "8.3.11",
      "resolved": "https://livehire.pkgs.visualstudio.com/_packaging/dev/npm/registry/postcss/-/postcss-8.3.11.tgz",
      "integrity": "sha1-w77KfqgRzV4cSj7G0udZnvH4+Fg=",
      "dev": true,
      "requires": {
        "nanoid": "^3.1.30",
        "picocolors": "^1.0.0",
        "source-map-js": "^0.6.2"
      }
    },
    "resolve": {
      "version": "1.20.0",
      "resolved": "https://livehire.pkgs.visualstudio.com/_packaging/dev/npm/registry/resolve/-/resolve-1.20.0.tgz",
      "integrity": "sha1-YpoBP7P3B1XW8LeTXMHCxTeLGXU=",
      "dev": true,
      "requires": {
        "is-core-module": "^2.2.0",
        "path-parse": "^1.0.6"
      }
    },
    "rollup": {
      "version": "2.59.0",
      "resolved": "https://livehire.pkgs.visualstudio.com/_packaging/dev/npm/registry/rollup/-/rollup-2.59.0.tgz",
      "integrity": "sha1-EIxhsPoKN+vI0fFk8oFiIFbw21k=",
      "dev": true,
      "requires": {
        "fsevents": "~2.3.2"
      }
    },
    "source-map-js": {
      "version": "0.6.2",
      "resolved": "https://livehire.pkgs.visualstudio.com/_packaging/dev/npm/registry/source-map-js/-/source-map-js-0.6.2.tgz",
      "integrity": "sha1-C7XeYxtBz72mz7qL0FqA79/SOF4=",
      "dev": true
    },
    "typescript": {
      "version": "4.4.4",
      "resolved": "https://livehire.pkgs.visualstudio.com/_packaging/dev/npm/registry/typescript/-/typescript-4.4.4.tgz",
      "integrity": "sha1-LNAaGh8WBwTTEB/VpY/w+fy4Aww=",
      "dev": true
    },
    "vite": {
      "version": "2.6.13",
      "resolved": "https://livehire.pkgs.visualstudio.com/_packaging/dev/npm/registry/vite/-/vite-2.6.13.tgz",
      "integrity": "sha1-FrPshaZtW0YawpqQOHTUNX+a9DI=",
      "dev": true,
      "requires": {
        "esbuild": "^0.13.2",
        "fsevents": "~2.3.2",
        "postcss": "^8.3.8",
        "resolve": "^1.20.0",
        "rollup": "^2.57.0"
      }
    }
  }
}
